
Microsoft Visual Studio Solution File, Format Version 12.00
# Visual Studio Version 17
VisualStudioVersion = 17.10.34916.146
MinimumVisualStudioVersion = 10.0.40219.1
Project("{FAE04EC0-301F-11D3-BF4B-00C04F79EFBC}") = "ProyectoProgramacionAvanzada", "ProyectoProgramacionAvanzada\ProyectoProgramacionAvanzada.csproj", "{E6BADE9F-8DD7-4FA5-BC4F-7D029E5AAAA8}"
EndProject
Global
	GlobalSection(SolutionConfigurationPlatforms) = preSolution
		Debug|Any CPU = Debug|Any CPU
		Release|Any CPU = Release|Any CPU
	EndGlobalSection
	GlobalSection(ProjectConfigurationPlatforms) = postSolution
		{E6BADE9F-8DD7-4FA5-BC4F-7D029E5AAAA8}.Debug|Any CPU.ActiveCfg = Debug|Any CPU
		{E6BADE9F-8DD7-4FA5-BC4F-7D029E5AAAA8}.Debug|Any CPU.Build.0 = Debug|Any CPU
		{E6BADE9F-8DD7-4FA5-BC4F-7D029E5AAAA8}.Release|Any CPU.ActiveCfg = Release|Any CPU
		{E6BADE9F-8DD7-4FA5-BC4F-7D029E5AAAA8}.Release|Any CPU.Build.0 = Release|Any CPU
	EndGlobalSection
	GlobalSection(SolutionProperties) = preSolution
		HideSolutionNode = FALSE
	EndGlobalSection
	GlobalSection(ExtensibilityGlobals) = postSolution
		SolutionGuid = {A4F837A7-D249-4D79-89DD-F6B829C68ADE}
	EndGlobalSection
EndGlobal
